{
  "name": "react-testing",
  "version": "0.1.0",
  "lockfileVersion": 1,
  "requires": true,
  "dependencies": {
    "react-addons-test-utils": {
      "version": "15.6.2",
      "resolved": "https://registry.npmjs.org/react-addons-test-utils/-/react-addons-test-utils-15.6.2.tgz",
      "integrity": "sha1-wStu/cIkfBDae4dw0YUICnsEcVY=",
      "dev": true
    }
  }
}
